<?xml version="1.0" encoding="utf-8"?>
<Project ToolsVersion="4.0" xmlns="http://schemas.microsoft.com/developer/msbuild/2003">
  <ItemGroup>
    <Filter Include="Source Files">
      <UniqueIdentifier>{4FC737F1-C7A5-4376-A066-2A32D752A2FF}</UniqueIdentifier>
      <Extensions>cpp;c;cc;cxx;def;odl;idl;hpj;bat;asm;asmx</Extensions>
    </Filter>
    <Filter Include="Header Files">
      <UniqueIdentifier>{93995380-89BD-4b04-88EB-625FBE52EBFB}</UniqueIdentifier>
      <Extensions>h;hh;hpp;hxx;hm;inl;inc;ipp;xsd</Extensions>
    </Filter>
    <Filter Include="Resource Files">
      <UniqueIdentifier>{67DA6AB6-F800-4c08-8B7A-83BB121AAD01}</UniqueIdentifier>
      <Extensions>rc;ico;cur;bmp;dlg;rc2;rct;bin;rgs;gif;jpg;jpeg;jpe;resx;tiff;tif;png;wav;mfcribbon-ms</Extensions>
    </Filter>
    <Filter Include="Header Files\common">
      <UniqueIdentifier>{fd0bb532-3102-4522-8ece-cb442ec0dda9}</UniqueIdentifier>
    </Filter>
    <Filter Include="Header Files\extern">
      <UniqueIdentifier>{670470c3-1bc9-4848-8246-fb2915e33329}</UniqueIdentifier>
    </Filter>
    <Filter Include="Source Files\engine">
      <UniqueIdentifier>{4857b0f1-6f03-449c-9185-d2b343215f0a}</UniqueIdentifier>
    </Filter>
    <Filter Include="Source Files\game">
      <UniqueIdentifier>{f41b8cb8-4254-44e2-ba57-e1fefa5b4a59}</UniqueIdentifier>
    </Filter>
    <Filter Include="Source Files\gui">
      <UniqueIdentifier>{cd7bb7aa-742f-4898-a811-99cdb9deff96}</UniqueIdentifier>
    </Filter>
    <Filter Include="Source Files\menu">
      <UniqueIdentifier>{6f5e5b9c-c05e-48f8-845b-a9701197e29f}</UniqueIdentifier>
    </Filter>
    <Filter Include="Shader Files">
      <UniqueIdentifier>{3ce97d02-2958-4a71-bfb1-19102bd5a086}</UniqueIdentifier>
    </Filter>
    <Filter Include="Shader Files\bsprite">
      <UniqueIdentifier>{12303a9a-98fc-4b8c-ad81-d1497bbb0a6b}</UniqueIdentifier>
    </Filter>
    <Filter Include="Shader Files\empty_rectangle">
      <UniqueIdentifier>{9e07af11-8760-4dc8-94e9-b10638d94249}</UniqueIdentifier>
    </Filter>
    <Filter Include="Shader Files\filled_rectangle">
      <UniqueIdentifier>{f9df0ca4-e49f-4e5e-98da-16d2492877d9}</UniqueIdentifier>
    </Filter>
    <Filter Include="Shader Files\image">
      <UniqueIdentifier>{2837bdf8-735a-4502-9aa8-d9a744a5e992}</UniqueIdentifier>
    </Filter>
    <Filter Include="Shader Files\mouse">
      <UniqueIdentifier>{42dbff8b-a756-4f2f-beed-3c887116670e}</UniqueIdentifier>
    </Filter>
    <Filter Include="Shader Files\usprite">
      <UniqueIdentifier>{70d5778f-a1b0-4568-bf58-6998dca62f0b}</UniqueIdentifier>
    </Filter>
    <Filter Include="Shader Files\text">
      <UniqueIdentifier>{fc78f415-2236-48a4-9def-84a107b5c414}</UniqueIdentifier>
    </Filter>
    <Filter Include="Shader Files\terrain">
      <UniqueIdentifier>{8fe8393a-be2f-4070-ad63-c95ba5235aef}</UniqueIdentifier>
    </Filter>
    <Filter Include="Source Files\pathfinding">
      <UniqueIdentifier>{d3112472-3134-4c02-96f9-de902a49ecbc}</UniqueIdentifier>
    </Filter>
    <Filter Include="Source Files\player">
      <UniqueIdentifier>{a737048d-13d1-4aee-90c9-a4aa6508f4a5}</UniqueIdentifier>
    </Filter>
    <Filter Include="Source Files\interface">
      <UniqueIdentifier>{f775fef9-e31d-462f-88bc-301349d95e3d}</UniqueIdentifier>
    </Filter>
    <Filter Include="Source Files\editor">
      <UniqueIdentifier>{9d9de2d3-0e2d-44bd-a6cb-bf2398104fd5}</UniqueIdentifier>
    </Filter>
    <Filter Include="Source Files\surface">
      <UniqueIdentifier>{29d38104-38f1-40b0-9df3-2f89caf8cded}</UniqueIdentifier>
    </Filter>
    <Filter Include="Source Files\audio">
      <UniqueIdentifier>{9d7b770e-e74f-47c1-9a3c-753413d9c75d}</UniqueIdentifier>
    </Filter>
    <Filter Include="Header Files\audio">
      <UniqueIdentifier>{00c49fb7-0708-4c35-9005-be57a3564aa5}</UniqueIdentifier>
    </Filter>
    <Filter Include="Header Files\audio\interfaces">
      <UniqueIdentifier>{52fd4780-8021-4b6e-b3a4-824126b4890b}</UniqueIdentifier>
    </Filter>
    <Filter Include="Source Files\primitives">
      <UniqueIdentifier>{7544753c-c7b5-4c53-b891-33f775a026b8}</UniqueIdentifier>
    </Filter>
    <Filter Include="Source Files\picking">
      <UniqueIdentifier>{c285b1d1-3a64-4327-b215-8460e4967b7c}</UniqueIdentifier>
    </Filter>
    <Filter Include="Header Files\audio\vorbis">
      <UniqueIdentifier>{3f286ea6-3dbc-4e58-ab28-17869728873e}</UniqueIdentifier>
    </Filter>
    <Filter Include="Shader Files\dsprite">
      <UniqueIdentifier>{d5bb376d-55ab-4930-b78f-201bac1a493b}</UniqueIdentifier>
    </Filter>
    <Filter Include="Source Files\building">
      <UniqueIdentifier>{87ff652c-a11f-4ae5-bf90-c9ab15535719}</UniqueIdentifier>
    </Filter>
    <Filter Include="Source Files\decoration">
      <UniqueIdentifier>{ddd1411f-06af-4ba4-aaa1-b20b5d42bfef}</UniqueIdentifier>
    </Filter>
    <Filter Include="Source Files\unit">
      <UniqueIdentifier>{88304990-1d0f-41a6-acb4-3b8ad50f5fc8}</UniqueIdentifier>
    </Filter>
  </ItemGroup>
  <ItemGroup>
    <ClCompile Include="main.cpp">
      <Filter>Source Files</Filter>
    </ClCompile>
    <ClCompile Include="source\gui\button.cpp">
      <Filter>Source Files\gui</Filter>
    </ClCompile>
    <ClCompile Include="source\engine\camera.cpp">
      <Filter>Source Files\engine</Filter>
    </ClCompile>
    <ClCompile Include="source\engine\engine.cpp">
      <Filter>Source Files\engine</Filter>
    </ClCompile>
    <ClCompile Include="source\gui\form_input.cpp">
      <Filter>Source Files\gui</Filter>
    </ClCompile>
    <ClCompile Include="source\game\game.cpp">
      <Filter>Source Files\game</Filter>
    </ClCompile>
    <ClCompile Include="source\menu\menu.cpp">
      <Filter>Source Files\menu</Filter>
    </ClCompile>
    <ClCompile Include="source\engine\mouse.cpp">
      <Filter>Source Files\engine</Filter>
    </ClCompile>
    <ClCompile Include="source\engine\window.cpp">
      <Filter>Source Files\engine</Filter>
    </ClCompile>
    <ClCompile Include="source\pathfinding\node.cpp">
      <Filter>Source Files\pathfinding</Filter>
    </ClCompile>
    <ClCompile Include="source\player\player.cpp">
      <Filter>Source Files\player</Filter>
    </ClCompile>
    <ClCompile Include="source\gui\rectangle.cpp">
      <Filter>Source Files\gui</Filter>
    </ClCompile>
    <ClCompile Include="source\interface\game_ui.cpp">
      <Filter>Source Files\interface</Filter>
    </ClCompile>
    <ClCompile Include="source\interface\menu_players_list.cpp">
      <Filter>Source Files\interface</Filter>
    </ClCompile>
    <ClCompile Include="source\interface\game_ui_menu.cpp">
      <Filter>Source Files\interface</Filter>
    </ClCompile>
    <ClCompile Include="source\gui\simple_text.cpp">
      <Filter>Source Files\gui</Filter>
    </ClCompile>
    <ClCompile Include="source\interface\debug_ui.cpp">
      <Filter>Source Files\interface</Filter>
    </ClCompile>
    <ClCompile Include="source\gui\image.cpp">
      <Filter>Source Files\gui</Filter>
    </ClCompile>
    <ClCompile Include="source\surface\surface.cpp">
      <Filter>Source Files\surface</Filter>
    </ClCompile>
    <ClCompile Include="source\editor\editor.cpp">
      <Filter>Source Files\editor</Filter>
    </ClCompile>
    <ClCompile Include="source\interface\editor_menu.cpp">
      <Filter>Source Files\interface</Filter>
    </ClCompile>
    <ClCompile Include="source\audio\audio_context.cpp">
      <Filter>Source Files\audio</Filter>
    </ClCompile>
    <ClCompile Include="source\audio\audio_device.cpp">
      <Filter>Source Files\audio</Filter>
    </ClCompile>
    <ClCompile Include="source\audio\audio_player.cpp">
      <Filter>Source Files\audio</Filter>
    </ClCompile>
    <ClCompile Include="source\audio\listener.cpp">
      <Filter>Source Files\audio</Filter>
    </ClCompile>
    <ClCompile Include="source\audio\music.cpp">
      <Filter>Source Files\audio</Filter>
    </ClCompile>
    <ClCompile Include="source\audio\recorder.cpp">
      <Filter>Source Files\audio</Filter>
    </ClCompile>
    <ClCompile Include="source\audio\sound.cpp">
      <Filter>Source Files\audio</Filter>
    </ClCompile>
    <ClCompile Include="source\audio\sound_buffer.cpp">
      <Filter>Source Files\audio</Filter>
    </ClCompile>
    <ClCompile Include="source\gui\circle.cpp">
      <Filter>Source Files\gui</Filter>
    </ClCompile>
    <ClCompile Include="source\math.cpp">
      <Filter>Source Files</Filter>
    </ClCompile>
    <ClCompile Include="source\global.cpp">
      <Filter>Source Files</Filter>
    </ClCompile>
    <ClCompile Include="source\primitives\bitmap_font.cpp">
      <Filter>Source Files\primitives</Filter>
    </ClCompile>
    <ClCompile Include="source\primitives\building_sprite.cpp">
      <Filter>Source Files\primitives</Filter>
    </ClCompile>
    <ClCompile Include="source\primitives\cursor_image.cpp">
      <Filter>Source Files\primitives</Filter>
    </ClCompile>
    <ClCompile Include="source\primitives\empty_circle.cpp">
      <Filter>Source Files\primitives</Filter>
    </ClCompile>
    <ClCompile Include="source\primitives\empty_rectangle.cpp">
      <Filter>Source Files\primitives</Filter>
    </ClCompile>
    <ClCompile Include="source\primitives\filled_rectangle.cpp">
      <Filter>Source Files\primitives</Filter>
    </ClCompile>
    <ClCompile Include="source\primitives\grid.cpp">
      <Filter>Source Files\primitives</Filter>
    </ClCompile>
    <ClCompile Include="source\primitives\image_sprite.cpp">
      <Filter>Source Files\primitives</Filter>
    </ClCompile>
    <ClCompile Include="source\primitives\light.cpp">
      <Filter>Source Files\primitives</Filter>
    </ClCompile>
    <ClCompile Include="source\primitives\shader.cpp">
      <Filter>Source Files\primitives</Filter>
    </ClCompile>
    <ClCompile Include="source\primitives\terrain.cpp">
      <Filter>Source Files\primitives</Filter>
    </ClCompile>
    <ClCompile Include="source\primitives\unit_sprite.cpp">
      <Filter>Source Files\primitives</Filter>
    </ClCompile>
    <ClCompile Include="source\primitives\audio_manager.cpp">
      <Filter>Source Files\primitives</Filter>
    </ClCompile>
    <ClCompile Include="source\game\game_functions.cpp">
      <Filter>Source Files\game</Filter>
    </ClCompile>
    <ClCompile Include="source\surface\mapgen.cpp">
      <Filter>Source Files\surface</Filter>
    </ClCompile>
    <ClCompile Include="source\pathfinding\astar.cpp">
      <Filter>Source Files\pathfinding</Filter>
    </ClCompile>
    <ClCompile Include="source\editor\editor_functions.cpp">
      <Filter>Source Files\editor</Filter>
    </ClCompile>
    <ClCompile Include="source\menu\menu_functions.cpp">
      <Filter>Source Files\menu</Filter>
    </ClCompile>
    <ClCompile Include="source\picking\picking.cpp">
      <Filter>Source Files\picking</Filter>
    </ClCompile>
    <ClCompile Include="source\picking\mainmenu_picking.cpp">
      <Filter>Source Files\picking</Filter>
    </ClCompile>
    <ClCompile Include="source\picking\gameui_picking.cpp">
      <Filter>Source Files\picking</Filter>
    </ClCompile>
    <ClCompile Include="source\audio\vorbis\ogg_vorbis.cpp">
      <Filter>Source Files\audio</Filter>
    </ClCompile>
    <ClCompile Include="source\interface\editor_openmap_window.cpp">
      <Filter>Source Files\interface</Filter>
    </ClCompile>
    <ClCompile Include="source\interface\editor_ui.cpp">
      <Filter>Source Files\interface</Filter>
    </ClCompile>
    <ClCompile Include="source\picking\editor_picking.cpp">
      <Filter>Source Files\picking</Filter>
    </ClCompile>
    <ClCompile Include="source\gui\text_input.cpp">
      <Filter>Source Files\gui</Filter>
    </ClCompile>
    <ClCompile Include="source\interface\editor_newmap_window.cpp">
      <Filter>Source Files\interface</Filter>
    </ClCompile>
    <ClCompile Include="source\interface\editor_addobject_window.cpp">
      <Filter>Source Files\interface</Filter>
    </ClCompile>
    <ClCompile Include="source\interface\editor_properties_window.cpp">
      <Filter>Source Files\interface</Filter>
    </ClCompile>
    <ClCompile Include="source\interface\editor_terrainbrush_window.cpp">
      <Filter>Source Files\interface</Filter>
    </ClCompile>
    <ClCompile Include="source\interface\menu_globaloptions.cpp">
      <Filter>Source Files\interface</Filter>
    </ClCompile>
    <ClCompile Include="source\interface\editor_question_window.cpp">
      <Filter>Source Files\interface</Filter>
    </ClCompile>
    <ClCompile Include="source\gui\text_box.cpp">
      <Filter>Source Files\gui</Filter>
    </ClCompile>
    <ClCompile Include="source\primitives\decoration_sprite.cpp">
      <Filter>Source Files\primitives</Filter>
    </ClCompile>
    <ClCompile Include="source\primitives\minimap_rectangle.cpp">
      <Filter>Source Files\primitives</Filter>
    </ClCompile>
    <ClCompile Include="source\object.cpp">
      <Filter>Source Files</Filter>
    </ClCompile>
    <ClCompile Include="source\building\building.cpp">
      <Filter>Source Files\building</Filter>
    </ClCompile>
    <ClCompile Include="source\decoration\decoration.cpp">
      <Filter>Source Files\decoration</Filter>
    </ClCompile>
    <ClCompile Include="source\unit\unit.cpp">
      <Filter>Source Files\unit</Filter>
    </ClCompile>
    <ClCompile Include="source\unit\unit_functions.cpp">
      <Filter>Source Files\unit</Filter>
    </ClCompile>
    <ClCompile Include="source\interface\object_ui.cpp">
      <Filter>Source Files\interface</Filter>
    </ClCompile>
  </ItemGroup>
  <ItemGroup>
    <ClInclude Include="source\extern\includes\json.hpp">
      <Filter>Header Files\extern</Filter>
    </ClInclude>
    <ClInclude Include="source\extern\includes\stb_image.h">
      <Filter>Header Files\extern</Filter>
    </ClInclude>
    <ClInclude Include="source\audio\sndfile.hh">
      <Filter>Header Files\audio</Filter>
    </ClInclude>
    <ClInclude Include="source\audio\sound.h">
      <Filter>Header Files\audio</Filter>
    </ClInclude>
    <ClInclude Include="source\audio\sound_buffer.h">
      <Filter>Header Files\audio</Filter>
    </ClInclude>
    <ClInclude Include="source\audio\audio_context.h">
      <Filter>Header Files\audio</Filter>
    </ClInclude>
    <ClInclude Include="source\audio\audio_device.h">
      <Filter>Header Files\audio</Filter>
    </ClInclude>
    <ClInclude Include="source\audio\audio_player.h">
      <Filter>Header Files\audio</Filter>
    </ClInclude>
    <ClInclude Include="source\audio\listener.h">
      <Filter>Header Files\audio</Filter>
    </ClInclude>
    <ClInclude Include="source\audio\music.h">
      <Filter>Header Files\audio</Filter>
    </ClInclude>
    <ClInclude Include="source\audio\recorder.h">
      <Filter>Header Files\audio</Filter>
    </ClInclude>
    <ClInclude Include="source\audio\sndfile.h">
      <Filter>Header Files\audio</Filter>
    </ClInclude>
    <ClInclude Include="source\audio\interfaces\IMusic.h">
      <Filter>Header Files\audio\interfaces</Filter>
    </ClInclude>
    <ClInclude Include="source\audio\interfaces\IRecorder.h">
      <Filter>Header Files\audio\interfaces</Filter>
    </ClInclude>
    <ClInclude Include="source\audio\interfaces\ISound.h">
      <Filter>Header Files\audio\interfaces</Filter>
    </ClInclude>
    <ClInclude Include="source\audio\interfaces\ISoundBuffer.h">
      <Filter>Header Files\audio\interfaces</Filter>
    </ClInclude>
    <ClInclude Include="source\audio\interfaces\IAudioContext.h">
      <Filter>Header Files\audio\interfaces</Filter>
    </ClInclude>
    <ClInclude Include="source\audio\interfaces\IAudioDevice.h">
      <Filter>Header Files\audio\interfaces</Filter>
    </ClInclude>
    <ClInclude Include="source\audio\interfaces\IAudioPlayer.h">
      <Filter>Header Files\audio\interfaces</Filter>
    </ClInclude>
    <ClInclude Include="source\audio\interfaces\IListener.h">
      <Filter>Header Files\audio\interfaces</Filter>
    </ClInclude>
    <ClInclude Include="source\common\headers">
      <Filter>Header Files\common</Filter>
    </ClInclude>
    <ClInclude Include="source\common\math">
      <Filter>Header Files\common</Filter>
    </ClInclude>
    <ClInclude Include="source\common\global">
      <Filter>Header Files\common</Filter>
    </ClInclude>
    <ClInclude Include="source\common\primitives">
      <Filter>Header Files\common</Filter>
    </ClInclude>
    <ClInclude Include="source\audio\vorbis\vorbis_file.h">
      <Filter>Header Files\audio\vorbis</Filter>
    </ClInclude>
    <ClInclude Include="source\audio\vorbis\codec.h">
      <Filter>Header Files\audio\vorbis</Filter>
    </ClInclude>
    <ClInclude Include="source\audio\vorbis\ogg.h">
      <Filter>Header Files\audio\vorbis</Filter>
    </ClInclude>
    <ClInclude Include="source\audio\vorbis\os_types.h">
      <Filter>Header Files\audio\vorbis</Filter>
    </ClInclude>
  </ItemGroup>
  <ItemGroup>
    <None Include="assets\shaders\bsprite\fragment.glsl">
      <Filter>Shader Files\bsprite</Filter>
    </None>
    <None Include="assets\shaders\bsprite\vertex.glsl">
      <Filter>Shader Files\bsprite</Filter>
    </None>
    <None Include="assets\shaders\empty_rectangle\fragment.glsl">
      <Filter>Shader Files\empty_rectangle</Filter>
    </None>
    <None Include="assets\shaders\empty_rectangle\vertex.glsl">
      <Filter>Shader Files\empty_rectangle</Filter>
    </None>
    <None Include="assets\shaders\filled_rectangle\fragment.glsl">
      <Filter>Shader Files\filled_rectangle</Filter>
    </None>
    <None Include="assets\shaders\filled_rectangle\vertex.glsl">
      <Filter>Shader Files\filled_rectangle</Filter>
    </None>
    <None Include="assets\shaders\image\fragment.glsl">
      <Filter>Shader Files\image</Filter>
    </None>
    <None Include="assets\shaders\image\vertex.glsl">
      <Filter>Shader Files\image</Filter>
    </None>
    <None Include="assets\shaders\mouse\fragment.glsl">
      <Filter>Shader Files\mouse</Filter>
    </None>
    <None Include="assets\shaders\mouse\vertex.glsl">
      <Filter>Shader Files\mouse</Filter>
    </None>
    <None Include="assets\shaders\terrain\fragment.glsl">
      <Filter>Shader Files\terrain</Filter>
    </None>
    <None Include="assets\shaders\terrain\fragment_grid.glsl">
      <Filter>Shader Files\terrain</Filter>
    </None>
    <None Include="assets\shaders\terrain\vertex.glsl">
      <Filter>Shader Files\terrain</Filter>
    </None>
    <None Include="assets\shaders\terrain\vertex_grid.glsl">
      <Filter>Shader Files\terrain</Filter>
    </None>
    <None Include="assets\shaders\text\fragment.glsl">
      <Filter>Shader Files\text</Filter>
    </None>
    <None Include="assets\shaders\text\vertex.glsl">
      <Filter>Shader Files\text</Filter>
    </None>
    <None Include="assets\shaders\usprite\fragment.glsl">
      <Filter>Shader Files\usprite</Filter>
    </None>
    <None Include="assets\shaders\usprite\vertex.glsl">
      <Filter>Shader Files\usprite</Filter>
    </None>
    <None Include="source\common\gui">
      <Filter>Header Files\common</Filter>
    </None>
    <None Include="source\common\engine">
      <Filter>Header Files\common</Filter>
    </None>
    <None Include="source\common\game">
      <Filter>Header Files\common</Filter>
    </None>
    <None Include="source\common\object">
      <Filter>Header Files\common</Filter>
    </None>
    <None Include="source\common\surface">
      <Filter>Header Files\common</Filter>
    </None>
    <None Include="source\common\player">
      <Filter>Header Files\common</Filter>
    </None>
    <None Include="source\common\editor">
      <Filter>Header Files\common</Filter>
    </None>
    <None Include="source\common\pathfinding">
      <Filter>Header Files\common</Filter>
    </None>
    <None Include="source\common\picking">
      <Filter>Header Files\common</Filter>
    </None>
    <None Include="source\common\menu">
      <Filter>Header Files\common</Filter>
    </None>
    <None Include="source\common\interface">
      <Filter>Header Files\common</Filter>
    </None>
    <None Include="assets\shaders\dsprite\vertex.glsl">
      <Filter>Shader Files\dsprite</Filter>
    </None>
    <None Include="assets\shaders\dsprite\fragment.glsl">
      <Filter>Shader Files\dsprite</Filter>
    </None>
    <None Include="source\common\building">
      <Filter>Header Files\common</Filter>
    </None>
    <None Include="source\common\decoration">
      <Filter>Header Files\common</Filter>
    </None>
    <None Include="source\common\unit">
      <Filter>Header Files\common</Filter>
    </None>
  </ItemGroup>
</Project>