
Microsoft Visual Studio Solution File, Format Version 12.00
# Visual Studio 15
VisualStudioVersion = 15.0.28307.779
MinimumVisualStudioVersion = 10.0.40219.1
Project("{8BC9CEB8-8B4A-11D0-8D11-00A0C91BC942}") = "createMapFilesFromObj", "createMapFilesFromObj\createMapFilesFromObj.vcxproj", "{DC656332-55B4-4919-AC69-FEF0BC8AB7F8}"
EndProject
Global
	GlobalSection(SolutionConfigurationPlatforms) = preSolution
		Debug|x64 = Debug|x64
		Debug|x86 = Debug|x86
		Release|x64 = Release|x64
		Release|x86 = Release|x86
	EndGlobalSection
	GlobalSection(ProjectConfigurationPlatforms) = postSolution
		{DC656332-55B4-4919-AC69-FEF0BC8AB7F8}.Debug|x64.ActiveCfg = Debug|x64
		{DC656332-55B4-4919-AC69-FEF0BC8AB7F8}.Debug|x64.Build.0 = Debug|x64
		{DC656332-55B4-4919-AC69-FEF0BC8AB7F8}.Debug|x86.ActiveCfg = Debug|Win32
		{DC656332-55B4-4919-AC69-FEF0BC8AB7F8}.Debug|x86.Build.0 = Debug|Win32
		{DC656332-55B4-4919-AC69-FEF0BC8AB7F8}.Release|x64.ActiveCfg = Release|x64
		{DC656332-55B4-4919-AC69-FEF0BC8AB7F8}.Release|x64.Build.0 = Release|x64
		{DC656332-55B4-4919-AC69-FEF0BC8AB7F8}.Release|x86.ActiveCfg = Release|Win32
		{DC656332-55B4-4919-AC69-FEF0BC8AB7F8}.Release|x86.Build.0 = Release|Win32
	EndGlobalSection
	GlobalSection(SolutionProperties) = preSolution
		HideSolutionNode = FALSE
	EndGlobalSection
	GlobalSection(ExtensibilityGlobals) = postSolution
		SolutionGuid = {A1DE536E-B7C9-4C35-A9CE-10F12DF6E753}
	EndGlobalSection
EndGlobal
