<?xml version="1.0" encoding="utf-8"?>
<Project ToolsVersion="4.0" xmlns="http://schemas.microsoft.com/developer/msbuild/2003">
  <ItemGroup>
    <Filter Include="Source Files">
      <UniqueIdentifier>{4FC737F1-C7A5-4376-A066-2A32D752A2FF}</UniqueIdentifier>
      <Extensions>cpp;c;cc;cxx;def;odl;idl;hpj;bat;asm;asmx</Extensions>
    </Filter>
    <Filter Include="Header Files">
      <UniqueIdentifier>{93995380-89BD-4b04-88EB-625FBE52EBFB}</UniqueIdentifier>
      <Extensions>h;hh;hpp;hxx;hm;inl;inc;ipp;xsd</Extensions>
    </Filter>
    <Filter Include="Resource Files">
      <UniqueIdentifier>{67DA6AB6-F800-4c08-8B7A-83BB121AAD01}</UniqueIdentifier>
      <Extensions>rc;ico;cur;bmp;dlg;rc2;rct;bin;rgs;gif;jpg;jpeg;jpe;resx;tiff;tif;png;wav;mfcribbon-ms</Extensions>
    </Filter>
    <Filter Include="Shader Files">
      <UniqueIdentifier>{3ce97d02-2958-4a71-bfb1-19102bd5a086}</UniqueIdentifier>
    </Filter>
    <Filter Include="Shader Files\bsprite">
      <UniqueIdentifier>{12303a9a-98fc-4b8c-ad81-d1497bbb0a6b}</UniqueIdentifier>
    </Filter>
    <Filter Include="Shader Files\empty_rectangle">
      <UniqueIdentifier>{9e07af11-8760-4dc8-94e9-b10638d94249}</UniqueIdentifier>
    </Filter>
    <Filter Include="Shader Files\filled_rectangle">
      <UniqueIdentifier>{f9df0ca4-e49f-4e5e-98da-16d2492877d9}</UniqueIdentifier>
    </Filter>
    <Filter Include="Shader Files\image">
      <UniqueIdentifier>{2837bdf8-735a-4502-9aa8-d9a744a5e992}</UniqueIdentifier>
    </Filter>
    <Filter Include="Shader Files\mouse">
      <UniqueIdentifier>{42dbff8b-a756-4f2f-beed-3c887116670e}</UniqueIdentifier>
    </Filter>
    <Filter Include="Shader Files\usprite">
      <UniqueIdentifier>{70d5778f-a1b0-4568-bf58-6998dca62f0b}</UniqueIdentifier>
    </Filter>
    <Filter Include="Shader Files\text">
      <UniqueIdentifier>{fc78f415-2236-48a4-9def-84a107b5c414}</UniqueIdentifier>
    </Filter>
    <Filter Include="Shader Files\terrain">
      <UniqueIdentifier>{8fe8393a-be2f-4070-ad63-c95ba5235aef}</UniqueIdentifier>
    </Filter>
    <Filter Include="Source Files\audio">
      <UniqueIdentifier>{9d7b770e-e74f-47c1-9a3c-753413d9c75d}</UniqueIdentifier>
    </Filter>
    <Filter Include="Header Files\audio">
      <UniqueIdentifier>{00c49fb7-0708-4c35-9005-be57a3564aa5}</UniqueIdentifier>
    </Filter>
    <Filter Include="Header Files\audio\interfaces">
      <UniqueIdentifier>{52fd4780-8021-4b6e-b3a4-824126b4890b}</UniqueIdentifier>
    </Filter>
    <Filter Include="Header Files\audio\vorbis">
      <UniqueIdentifier>{3f286ea6-3dbc-4e58-ab28-17869728873e}</UniqueIdentifier>
    </Filter>
    <Filter Include="Shader Files\dsprite">
      <UniqueIdentifier>{d5bb376d-55ab-4930-b78f-201bac1a493b}</UniqueIdentifier>
    </Filter>
    <Filter Include="Source Files\ui">
      <UniqueIdentifier>{cd7bb7aa-742f-4898-a811-99cdb9deff96}</UniqueIdentifier>
    </Filter>
    <Filter Include="Source Files\engine">
      <UniqueIdentifier>{10e4802a-a190-46d5-93e6-0d48b95d7ebf}</UniqueIdentifier>
    </Filter>
    <Filter Include="Header Files\engine">
      <UniqueIdentifier>{69eec375-ef93-4607-9b3f-a440839a91b8}</UniqueIdentifier>
    </Filter>
    <Filter Include="Source Files\util">
      <UniqueIdentifier>{ed95aebc-0b19-4289-a4e3-948ac379884d}</UniqueIdentifier>
    </Filter>
    <Filter Include="Header Files\util">
      <UniqueIdentifier>{6f8ededa-6012-4857-8e38-642ea6a629ab}</UniqueIdentifier>
    </Filter>
    <Filter Include="Header Files\engine\classes">
      <UniqueIdentifier>{eb59885f-ce0c-4a5a-903f-49903da40f1e}</UniqueIdentifier>
    </Filter>
    <Filter Include="Source Files\engine\classes">
      <UniqueIdentifier>{c3b4c0e4-29c3-45aa-952b-f01d3b770ca4}</UniqueIdentifier>
    </Filter>
    <Filter Include="Source Files\engine\game">
      <UniqueIdentifier>{891f8528-264c-4230-a662-ce3c75a0ad08}</UniqueIdentifier>
    </Filter>
    <Filter Include="Header Files\engine\game">
      <UniqueIdentifier>{dd051414-7a7e-4c9f-ace9-2dbc97d6fbbe}</UniqueIdentifier>
    </Filter>
    <Filter Include="Source Files\gl-items">
      <UniqueIdentifier>{7544753c-c7b5-4c53-b891-33f775a026b8}</UniqueIdentifier>
    </Filter>
    <Filter Include="Header Files\engine\pathfinding">
      <UniqueIdentifier>{240f44fa-c69d-4622-a90d-b64cdbaaff28}</UniqueIdentifier>
    </Filter>
    <Filter Include="Source Files\engine\pathfinding">
      <UniqueIdentifier>{98b01d10-21a7-4af9-9624-3fd2abc2e9d1}</UniqueIdentifier>
    </Filter>
    <Filter Include="Header Files\engine\mapgen">
      <UniqueIdentifier>{d0f8a00c-a28b-4abd-b638-587eaac7a6a8}</UniqueIdentifier>
    </Filter>
    <Filter Include="Source Files\engine\mapgen">
      <UniqueIdentifier>{46ef0344-0449-44b5-824e-b0590527147c}</UniqueIdentifier>
    </Filter>
    <Filter Include="Header Files\engine\player">
      <UniqueIdentifier>{db993349-7059-4cdc-9495-17f04d758ed3}</UniqueIdentifier>
    </Filter>
    <Filter Include="Source Files\engine\player">
      <UniqueIdentifier>{43c6e296-3b9e-420b-a9bf-48c2a07cf567}</UniqueIdentifier>
    </Filter>
    <Filter Include="Header Files\ui">
      <UniqueIdentifier>{39a7342d-67e1-4237-af68-5639c38b7672}</UniqueIdentifier>
    </Filter>
    <Filter Include="Header Files\hector">
      <UniqueIdentifier>{3838ba9b-e988-40e0-9e3e-d5948de87239}</UniqueIdentifier>
    </Filter>
    <Filter Include="Source Files\hector">
      <UniqueIdentifier>{09d507ca-6e11-4b90-9182-2641155a25eb}</UniqueIdentifier>
    </Filter>
    <Filter Include="Header Files\engine\menu">
      <UniqueIdentifier>{c0122d62-31c6-4abe-bb85-312097cbcbec}</UniqueIdentifier>
    </Filter>
    <Filter Include="Source Files\engine\menu">
      <UniqueIdentifier>{2bcfcdfe-7696-4084-8b35-2903f8edee9a}</UniqueIdentifier>
    </Filter>
    <Filter Include="Header Files\engine\game\interface">
      <UniqueIdentifier>{ae15d81a-d764-4f16-81fb-447c547588ca}</UniqueIdentifier>
    </Filter>
    <Filter Include="Source Files\engine\game\interface">
      <UniqueIdentifier>{8f5ddee1-41eb-4917-833d-37a2d60fa6f6}</UniqueIdentifier>
    </Filter>
    <Filter Include="Header Files\engine\peripherals">
      <UniqueIdentifier>{8e405985-9f4f-4f74-bb32-cae8aeafae2d}</UniqueIdentifier>
    </Filter>
    <Filter Include="Source Files\engine\peripherals">
      <UniqueIdentifier>{32f5025d-f5c5-46be-9753-d23a4c904505}</UniqueIdentifier>
    </Filter>
    <Filter Include="Source Files\extern cpp">
      <UniqueIdentifier>{c2c3308b-e00f-443a-86f2-0242dfe7273f}</UniqueIdentifier>
    </Filter>
    <Filter Include="Header Files\gl-items">
      <UniqueIdentifier>{21c5b0f0-af5d-4410-9e26-5f766460cf8e}</UniqueIdentifier>
    </Filter>
  </ItemGroup>
  <ItemGroup>
    <ClCompile Include="main.cpp">
      <Filter>Source Files</Filter>
    </ClCompile>
    <ClCompile Include="lib-centurion\audio\audio_context.cpp">
      <Filter>Source Files\audio</Filter>
    </ClCompile>
    <ClCompile Include="lib-centurion\audio\audio_device.cpp">
      <Filter>Source Files\audio</Filter>
    </ClCompile>
    <ClCompile Include="lib-centurion\audio\audio_player.cpp">
      <Filter>Source Files\audio</Filter>
    </ClCompile>
    <ClCompile Include="lib-centurion\audio\listener.cpp">
      <Filter>Source Files\audio</Filter>
    </ClCompile>
    <ClCompile Include="lib-centurion\audio\music.cpp">
      <Filter>Source Files\audio</Filter>
    </ClCompile>
    <ClCompile Include="lib-centurion\audio\recorder.cpp">
      <Filter>Source Files\audio</Filter>
    </ClCompile>
    <ClCompile Include="lib-centurion\audio\sound.cpp">
      <Filter>Source Files\audio</Filter>
    </ClCompile>
    <ClCompile Include="lib-centurion\audio\sound_buffer.cpp">
      <Filter>Source Files\audio</Filter>
    </ClCompile>
    <ClCompile Include="lib-centurion\audio\vorbis\ogg_vorbis.cpp">
      <Filter>Source Files\audio</Filter>
    </ClCompile>
    <ClCompile Include="lib-centurion\ui\simple_text.cpp">
      <Filter>Source Files\ui</Filter>
    </ClCompile>
    <ClCompile Include="lib-centurion\ui\text_box.cpp">
      <Filter>Source Files\ui</Filter>
    </ClCompile>
    <ClCompile Include="lib-centurion\ui\text_input.cpp">
      <Filter>Source Files\ui</Filter>
    </ClCompile>
    <ClCompile Include="lib-centurion\ui\button.cpp">
      <Filter>Source Files\ui</Filter>
    </ClCompile>
    <ClCompile Include="lib-centurion\ui\circle.cpp">
      <Filter>Source Files\ui</Filter>
    </ClCompile>
    <ClCompile Include="lib-centurion\ui\image.cpp">
      <Filter>Source Files\ui</Filter>
    </ClCompile>
    <ClCompile Include="lib-centurion\ui\rectangle.cpp">
      <Filter>Source Files\ui</Filter>
    </ClCompile>
    <ClCompile Include="lib-centurion\util\file_manager.cpp">
      <Filter>Source Files\util</Filter>
    </ClCompile>
    <ClCompile Include="lib-centurion\util\logger.cpp">
      <Filter>Source Files\util</Filter>
    </ClCompile>
    <ClCompile Include="lib-centurion\util\maths.cpp">
      <Filter>Source Files\util</Filter>
    </ClCompile>
    <ClCompile Include="lib-centurion\engine\classes\building.cpp">
      <Filter>Source Files\engine\classes</Filter>
    </ClCompile>
    <ClCompile Include="lib-centurion\engine\classes\decoration.cpp">
      <Filter>Source Files\engine\classes</Filter>
    </ClCompile>
    <ClCompile Include="lib-centurion\engine\classes\object.cpp">
      <Filter>Source Files\engine\classes</Filter>
    </ClCompile>
    <ClCompile Include="lib-centurion\engine\classes\object-data.cpp">
      <Filter>Source Files\engine\classes</Filter>
    </ClCompile>
    <ClCompile Include="lib-centurion\engine\classes\settlement.cpp">
      <Filter>Source Files\engine\classes</Filter>
    </ClCompile>
    <ClCompile Include="lib-centurion\engine\classes\unit.cpp">
      <Filter>Source Files\engine\classes</Filter>
    </ClCompile>
    <ClCompile Include="lib-centurion\engine\game\editor.cpp">
      <Filter>Source Files\engine\game</Filter>
    </ClCompile>
    <ClCompile Include="lib-centurion\engine\game\game.cpp">
      <Filter>Source Files\engine\game</Filter>
    </ClCompile>
    <ClCompile Include="lib-centurion\engine\game\match.cpp">
      <Filter>Source Files\engine\game</Filter>
    </ClCompile>
    <ClCompile Include="lib-centurion\engine\game\strategy.cpp">
      <Filter>Source Files\engine\game</Filter>
    </ClCompile>
    <ClCompile Include="lib-centurion\engine\engine.cpp">
      <Filter>Source Files\engine</Filter>
    </ClCompile>
    <ClCompile Include="lib-centurion\engine\errorCodes.cpp">
      <Filter>Source Files\engine</Filter>
    </ClCompile>
    <ClCompile Include="lib-centurion\engine\picking.cpp">
      <Filter>Source Files\engine</Filter>
    </ClCompile>
    <ClCompile Include="lib-centurion\engine\settings.cpp">
      <Filter>Source Files\engine</Filter>
    </ClCompile>
    <ClCompile Include="lib-centurion\engine\translationsTable.cpp">
      <Filter>Source Files\engine</Filter>
    </ClCompile>
    <ClCompile Include="lib-centurion\gl-items\bitmap_font.cpp">
      <Filter>Source Files\gl-items</Filter>
    </ClCompile>
    <ClCompile Include="lib-centurion\gl-items\building_sprite.cpp">
      <Filter>Source Files\gl-items</Filter>
    </ClCompile>
    <ClCompile Include="lib-centurion\gl-items\cursor_image.cpp">
      <Filter>Source Files\gl-items</Filter>
    </ClCompile>
    <ClCompile Include="lib-centurion\gl-items\decoration_sprite.cpp">
      <Filter>Source Files\gl-items</Filter>
    </ClCompile>
    <ClCompile Include="lib-centurion\gl-items\grid.cpp">
      <Filter>Source Files\gl-items</Filter>
    </ClCompile>
    <ClCompile Include="lib-centurion\gl-items\image_sprite.cpp">
      <Filter>Source Files\gl-items</Filter>
    </ClCompile>
    <ClCompile Include="lib-centurion\gl-items\light.cpp">
      <Filter>Source Files\gl-items</Filter>
    </ClCompile>
    <ClCompile Include="lib-centurion\gl-items\minimap_rectangle.cpp">
      <Filter>Source Files\gl-items</Filter>
    </ClCompile>
    <ClCompile Include="lib-centurion\gl-items\primitives.cpp">
      <Filter>Source Files\gl-items</Filter>
    </ClCompile>
    <ClCompile Include="lib-centurion\gl-items\shader.cpp">
      <Filter>Source Files\gl-items</Filter>
    </ClCompile>
    <ClCompile Include="lib-centurion\gl-items\terrain.cpp">
      <Filter>Source Files\gl-items</Filter>
    </ClCompile>
    <ClCompile Include="lib-centurion\gl-items\unit_sprite.cpp">
      <Filter>Source Files\gl-items</Filter>
    </ClCompile>
    <ClCompile Include="lib-centurion\engine\pathfinding\astar.cpp">
      <Filter>Source Files\engine\pathfinding</Filter>
    </ClCompile>
    <ClCompile Include="lib-centurion\engine\pathfinding\node.cpp">
      <Filter>Source Files\engine\pathfinding</Filter>
    </ClCompile>
    <ClCompile Include="lib-centurion\engine\mapgen\mapgen.cpp">
      <Filter>Source Files\engine\mapgen</Filter>
    </ClCompile>
    <ClCompile Include="lib-centurion\engine\player\player.cpp">
      <Filter>Source Files\engine\player</Filter>
    </ClCompile>
    <ClCompile Include="lib-centurion\hector\hector-lua.cpp">
      <Filter>Source Files\hector</Filter>
    </ClCompile>
    <ClCompile Include="lib-centurion\engine\menu\menu.cpp">
      <Filter>Source Files\engine\menu</Filter>
    </ClCompile>
    <ClCompile Include="lib-centurion\ui\select.cpp">
      <Filter>Source Files\ui</Filter>
    </ClCompile>
    <ClCompile Include="lib-centurion\ui\iframe.cpp">
      <Filter>Source Files\ui</Filter>
    </ClCompile>
    <ClCompile Include="lib-centurion\engine\game\interface\editorMenuBar.cpp">
      <Filter>Source Files\engine\game\interface</Filter>
    </ClCompile>
    <ClCompile Include="lib-centurion\engine\game\interface\editorWindows.cpp">
      <Filter>Source Files\engine\game\interface</Filter>
    </ClCompile>
    <ClCompile Include="lib-centurion\ui\text_list.cpp">
      <Filter>Source Files\ui</Filter>
    </ClCompile>
    <ClCompile Include="lib-centurion\gl-items\object_sprite.cpp">
      <Filter>Source Files\gl-items</Filter>
    </ClCompile>
    <ClCompile Include="lib-centurion\engine\classes\base_gate.cpp">
      <Filter>Source Files\engine\classes</Filter>
    </ClCompile>
    <ClCompile Include="lib-centurion\gl-items\gl_rectangle.cpp">
      <Filter>Source Files\gl-items</Filter>
    </ClCompile>
    <ClCompile Include="lib-centurion\gl-items\gl_circle.cpp">
      <Filter>Source Files\gl-items</Filter>
    </ClCompile>
    <ClCompile Include="lib-centurion\engine\peripherals\camera.cpp">
      <Filter>Source Files\engine\peripherals</Filter>
    </ClCompile>
    <ClCompile Include="lib-centurion\engine\peripherals\keyboard.cpp">
      <Filter>Source Files\engine\peripherals</Filter>
    </ClCompile>
    <ClCompile Include="lib-centurion\engine\peripherals\mouse.cpp">
      <Filter>Source Files\engine\peripherals</Filter>
    </ClCompile>
    <ClCompile Include="lib-centurion\engine\peripherals\mywindow.cpp">
      <Filter>Source Files\engine\peripherals</Filter>
    </ClCompile>
    <ClCompile Include="lib-centurion\audio\audio_manager.cpp">
      <Filter>Source Files\audio</Filter>
    </ClCompile>
    <ClCompile Include="lib-extern\etc\tinyxml2.cpp">
      <Filter>Source Files\extern cpp</Filter>
    </ClCompile>
    <ClCompile Include="lib-centurion\engine\game\interface\editorUi.cpp">
      <Filter>Source Files\engine\game\interface</Filter>
    </ClCompile>
    <ClCompile Include="lib-centurion\engine\game\interface\matchUi.cpp">
      <Filter>Source Files\engine\game\interface</Filter>
    </ClCompile>
    <ClCompile Include="lib-centurion\engine\debugUi.cpp">
      <Filter>Source Files\engine</Filter>
    </ClCompile>
    <ClCompile Include="lib-centurion\engine\game\map.cpp">
      <Filter>Source Files\engine\game</Filter>
    </ClCompile>
    <ClCompile Include="lib-centurion\engine\game\race.cpp">
      <Filter>Source Files\engine\game</Filter>
    </ClCompile>
    <ClCompile Include="lib-centurion\engine\game\minimap.cpp">
      <Filter>Source Files\engine\game</Filter>
    </ClCompile>
    <ClCompile Include="lib-centurion\engine\game\selection_rectangle.cpp">
      <Filter>Source Files\engine\game</Filter>
    </ClCompile>
  </ItemGroup>
  <ItemGroup>
    <ClInclude Include="lib-centurion\audio\sndfile.hh">
      <Filter>Header Files\audio</Filter>
    </ClInclude>
    <ClInclude Include="lib-centurion\audio\sound.h">
      <Filter>Header Files\audio</Filter>
    </ClInclude>
    <ClInclude Include="lib-centurion\audio\sound_buffer.h">
      <Filter>Header Files\audio</Filter>
    </ClInclude>
    <ClInclude Include="lib-centurion\audio\audio_context.h">
      <Filter>Header Files\audio</Filter>
    </ClInclude>
    <ClInclude Include="lib-centurion\audio\audio_device.h">
      <Filter>Header Files\audio</Filter>
    </ClInclude>
    <ClInclude Include="lib-centurion\audio\audio_player.h">
      <Filter>Header Files\audio</Filter>
    </ClInclude>
    <ClInclude Include="lib-centurion\audio\listener.h">
      <Filter>Header Files\audio</Filter>
    </ClInclude>
    <ClInclude Include="lib-centurion\audio\music.h">
      <Filter>Header Files\audio</Filter>
    </ClInclude>
    <ClInclude Include="lib-centurion\audio\recorder.h">
      <Filter>Header Files\audio</Filter>
    </ClInclude>
    <ClInclude Include="lib-centurion\audio\sndfile.h">
      <Filter>Header Files\audio</Filter>
    </ClInclude>
    <ClInclude Include="lib-centurion\audio\interfaces\IMusic.h">
      <Filter>Header Files\audio\interfaces</Filter>
    </ClInclude>
    <ClInclude Include="lib-centurion\audio\interfaces\IRecorder.h">
      <Filter>Header Files\audio\interfaces</Filter>
    </ClInclude>
    <ClInclude Include="lib-centurion\audio\interfaces\ISound.h">
      <Filter>Header Files\audio\interfaces</Filter>
    </ClInclude>
    <ClInclude Include="lib-centurion\audio\interfaces\ISoundBuffer.h">
      <Filter>Header Files\audio\interfaces</Filter>
    </ClInclude>
    <ClInclude Include="lib-centurion\audio\interfaces\IAudioContext.h">
      <Filter>Header Files\audio\interfaces</Filter>
    </ClInclude>
    <ClInclude Include="lib-centurion\audio\interfaces\IAudioDevice.h">
      <Filter>Header Files\audio\interfaces</Filter>
    </ClInclude>
    <ClInclude Include="lib-centurion\audio\interfaces\IAudioPlayer.h">
      <Filter>Header Files\audio\interfaces</Filter>
    </ClInclude>
    <ClInclude Include="lib-centurion\audio\interfaces\IListener.h">
      <Filter>Header Files\audio\interfaces</Filter>
    </ClInclude>
    <ClInclude Include="lib-centurion\audio\vorbis\vorbis_file.h">
      <Filter>Header Files\audio\vorbis</Filter>
    </ClInclude>
    <ClInclude Include="lib-centurion\audio\vorbis\codec.h">
      <Filter>Header Files\audio\vorbis</Filter>
    </ClInclude>
    <ClInclude Include="lib-centurion\audio\vorbis\ogg.h">
      <Filter>Header Files\audio\vorbis</Filter>
    </ClInclude>
    <ClInclude Include="lib-centurion\audio\vorbis\os_types.h">
      <Filter>Header Files\audio\vorbis</Filter>
    </ClInclude>
    <ClInclude Include="lib-centurion\util\file_manager.h">
      <Filter>Header Files\util</Filter>
    </ClInclude>
    <ClInclude Include="lib-centurion\util\logger.h">
      <Filter>Header Files\util</Filter>
    </ClInclude>
    <ClInclude Include="lib-centurion\util\maths.h">
      <Filter>Header Files\util</Filter>
    </ClInclude>
    <ClInclude Include="lib-centurion\engine\engine.h">
      <Filter>Header Files\engine</Filter>
    </ClInclude>
    <ClInclude Include="lib-centurion\engine\errorCodes.h">
      <Filter>Header Files\engine</Filter>
    </ClInclude>
    <ClInclude Include="lib-centurion\engine\picking.h">
      <Filter>Header Files\engine</Filter>
    </ClInclude>
    <ClInclude Include="lib-centurion\engine\settings.h">
      <Filter>Header Files\engine</Filter>
    </ClInclude>
    <ClInclude Include="lib-centurion\engine\translationsTable.h">
      <Filter>Header Files\engine</Filter>
    </ClInclude>
    <ClInclude Include="lib-centurion\engine\classes\building.h">
      <Filter>Header Files\engine\classes</Filter>
    </ClInclude>
    <ClInclude Include="lib-centurion\engine\classes\decoration.h">
      <Filter>Header Files\engine\classes</Filter>
    </ClInclude>
    <ClInclude Include="lib-centurion\engine\classes\object.h">
      <Filter>Header Files\engine\classes</Filter>
    </ClInclude>
    <ClInclude Include="lib-centurion\engine\classes\object-data.h">
      <Filter>Header Files\engine\classes</Filter>
    </ClInclude>
    <ClInclude Include="lib-centurion\engine\classes\settlement.h">
      <Filter>Header Files\engine\classes</Filter>
    </ClInclude>
    <ClInclude Include="lib-centurion\engine\classes\unit.h">
      <Filter>Header Files\engine\classes</Filter>
    </ClInclude>
    <ClInclude Include="lib-centurion\engine\game\editor.h">
      <Filter>Header Files\engine\game</Filter>
    </ClInclude>
    <ClInclude Include="lib-centurion\engine\game\game.h">
      <Filter>Header Files\engine\game</Filter>
    </ClInclude>
    <ClInclude Include="lib-centurion\engine\game\match.h">
      <Filter>Header Files\engine\game</Filter>
    </ClInclude>
    <ClInclude Include="lib-centurion\engine\game\strategy.h">
      <Filter>Header Files\engine\game</Filter>
    </ClInclude>
    <ClInclude Include="lib-centurion\gl-items\bitmap_font.h">
      <Filter>Header Files\gl-items</Filter>
    </ClInclude>
    <ClInclude Include="lib-centurion\gl-items\building_sprite.h">
      <Filter>Header Files\gl-items</Filter>
    </ClInclude>
    <ClInclude Include="lib-centurion\gl-items\cursor_image.h">
      <Filter>Header Files\gl-items</Filter>
    </ClInclude>
    <ClInclude Include="lib-centurion\gl-items\decoration_sprite.h">
      <Filter>Header Files\gl-items</Filter>
    </ClInclude>
    <ClInclude Include="lib-centurion\gl-items\grid.h">
      <Filter>Header Files\gl-items</Filter>
    </ClInclude>
    <ClInclude Include="lib-centurion\gl-items\header_primitives.h">
      <Filter>Header Files\gl-items</Filter>
    </ClInclude>
    <ClInclude Include="lib-centurion\gl-items\image_sprite.h">
      <Filter>Header Files\gl-items</Filter>
    </ClInclude>
    <ClInclude Include="lib-centurion\gl-items\light.h">
      <Filter>Header Files\gl-items</Filter>
    </ClInclude>
    <ClInclude Include="lib-centurion\gl-items\minimap_rectangle.h">
      <Filter>Header Files\gl-items</Filter>
    </ClInclude>
    <ClInclude Include="lib-centurion\gl-items\primitives.h">
      <Filter>Header Files\gl-items</Filter>
    </ClInclude>
    <ClInclude Include="lib-centurion\gl-items\shader.h">
      <Filter>Header Files\gl-items</Filter>
    </ClInclude>
    <ClInclude Include="lib-centurion\gl-items\terrain.h">
      <Filter>Header Files\gl-items</Filter>
    </ClInclude>
    <ClInclude Include="lib-centurion\gl-items\unit_sprite.h">
      <Filter>Header Files\gl-items</Filter>
    </ClInclude>
    <ClInclude Include="lib-centurion\engine\pathfinding\pathfinding.h">
      <Filter>Header Files\engine\pathfinding</Filter>
    </ClInclude>
    <ClInclude Include="lib-centurion\engine\mapgen\mapgen.h">
      <Filter>Header Files\engine\mapgen</Filter>
    </ClInclude>
    <ClInclude Include="lib-centurion\engine\header.h">
      <Filter>Header Files\engine</Filter>
    </ClInclude>
    <ClInclude Include="lib-centurion\engine\player\player.h">
      <Filter>Header Files\engine\player</Filter>
    </ClInclude>
    <ClInclude Include="lib-centurion\hector\hector-lua.h">
      <Filter>Header Files\hector</Filter>
    </ClInclude>
    <ClInclude Include="lib-centurion\engine\menu\menu.h">
      <Filter>Header Files\engine\menu</Filter>
    </ClInclude>
    <ClInclude Include="lib-centurion\ui\button.h">
      <Filter>Header Files\ui</Filter>
    </ClInclude>
    <ClInclude Include="lib-centurion\ui\circle.h">
      <Filter>Header Files\ui</Filter>
    </ClInclude>
    <ClInclude Include="lib-centurion\ui\image.h">
      <Filter>Header Files\ui</Filter>
    </ClInclude>
    <ClInclude Include="lib-centurion\ui\rectangle.h">
      <Filter>Header Files\ui</Filter>
    </ClInclude>
    <ClInclude Include="lib-centurion\ui\simple_text.h">
      <Filter>Header Files\ui</Filter>
    </ClInclude>
    <ClInclude Include="lib-centurion\ui\text_box.h">
      <Filter>Header Files\ui</Filter>
    </ClInclude>
    <ClInclude Include="lib-centurion\ui\text_input.h">
      <Filter>Header Files\ui</Filter>
    </ClInclude>
    <ClInclude Include="lib-centurion\ui\select.h">
      <Filter>Header Files\ui</Filter>
    </ClInclude>
    <ClInclude Include="lib-centurion\ui\iframe.h">
      <Filter>Header Files\ui</Filter>
    </ClInclude>
    <ClInclude Include="lib-centurion\engine\game\interface\editorMenuBar.h">
      <Filter>Header Files\engine\game\interface</Filter>
    </ClInclude>
    <ClInclude Include="lib-centurion\engine\game\interface\editorWindows.h">
      <Filter>Header Files\engine\game\interface</Filter>
    </ClInclude>
    <ClInclude Include="lib-centurion\ui\text_list.h">
      <Filter>Header Files\ui</Filter>
    </ClInclude>
    <ClInclude Include="lib-centurion\gl-items\object_sprite.h">
      <Filter>Header Files\gl-items</Filter>
    </ClInclude>
    <ClInclude Include="lib-centurion\engine\classes\base_gate.h">
      <Filter>Header Files\engine\classes</Filter>
    </ClInclude>
    <ClInclude Include="lib-centurion\gl-items\gl_rectangle.h">
      <Filter>Header Files\gl-items</Filter>
    </ClInclude>
    <ClInclude Include="lib-centurion\gl-items\gl_circle.h">
      <Filter>Header Files\gl-items</Filter>
    </ClInclude>
    <ClInclude Include="lib-centurion\engine\peripherals\camera.h">
      <Filter>Header Files\engine\peripherals</Filter>
    </ClInclude>
    <ClInclude Include="lib-centurion\engine\peripherals\keyboard.h">
      <Filter>Header Files\engine\peripherals</Filter>
    </ClInclude>
    <ClInclude Include="lib-centurion\engine\peripherals\mouse.h">
      <Filter>Header Files\engine\peripherals</Filter>
    </ClInclude>
    <ClInclude Include="lib-centurion\engine\peripherals\mywindow.h">
      <Filter>Header Files\engine\peripherals</Filter>
    </ClInclude>
    <ClInclude Include="lib-centurion\audio\audio_manager.h">
      <Filter>Header Files\audio</Filter>
    </ClInclude>
    <ClInclude Include="lib-centurion\engine\game\interface\editorUi.h">
      <Filter>Header Files\engine\game\interface</Filter>
    </ClInclude>
    <ClInclude Include="lib-centurion\engine\game\interface\matchUi.h">
      <Filter>Header Files\engine\game\interface</Filter>
    </ClInclude>
    <ClInclude Include="lib-centurion\engine\debugUi.h">
      <Filter>Header Files\engine</Filter>
    </ClInclude>
    <ClInclude Include="lib-centurion\util\encoding.hpp">
      <Filter>Header Files\util</Filter>
    </ClInclude>
    <ClInclude Include="lib-centurion\engine\game\map.h">
      <Filter>Header Files\engine\game</Filter>
    </ClInclude>
    <ClInclude Include="lib-centurion\engine\game\race.h">
      <Filter>Header Files\engine\game</Filter>
    </ClInclude>
    <ClInclude Include="lib-centurion\engine\game\minimap.h">
      <Filter>Header Files\engine\game</Filter>
    </ClInclude>
    <ClInclude Include="lib-centurion\engine\game\selection_rectangle.h">
      <Filter>Header Files\engine\game</Filter>
    </ClInclude>
  </ItemGroup>
  <ItemGroup>
    <None Include="assets\shaders\bsprite\fragment.glsl">
      <Filter>Shader Files\bsprite</Filter>
    </None>
    <None Include="assets\shaders\bsprite\vertex.glsl">
      <Filter>Shader Files\bsprite</Filter>
    </None>
    <None Include="assets\shaders\empty_rectangle\fragment.glsl">
      <Filter>Shader Files\empty_rectangle</Filter>
    </None>
    <None Include="assets\shaders\empty_rectangle\vertex.glsl">
      <Filter>Shader Files\empty_rectangle</Filter>
    </None>
    <None Include="assets\shaders\filled_rectangle\fragment.glsl">
      <Filter>Shader Files\filled_rectangle</Filter>
    </None>
    <None Include="assets\shaders\filled_rectangle\vertex.glsl">
      <Filter>Shader Files\filled_rectangle</Filter>
    </None>
    <None Include="assets\shaders\image\fragment.glsl">
      <Filter>Shader Files\image</Filter>
    </None>
    <None Include="assets\shaders\image\vertex.glsl">
      <Filter>Shader Files\image</Filter>
    </None>
    <None Include="assets\shaders\mouse\fragment.glsl">
      <Filter>Shader Files\mouse</Filter>
    </None>
    <None Include="assets\shaders\mouse\vertex.glsl">
      <Filter>Shader Files\mouse</Filter>
    </None>
    <None Include="assets\shaders\terrain\fragment.glsl">
      <Filter>Shader Files\terrain</Filter>
    </None>
    <None Include="assets\shaders\terrain\fragment_grid.glsl">
      <Filter>Shader Files\terrain</Filter>
    </None>
    <None Include="assets\shaders\terrain\vertex.glsl">
      <Filter>Shader Files\terrain</Filter>
    </None>
    <None Include="assets\shaders\terrain\vertex_grid.glsl">
      <Filter>Shader Files\terrain</Filter>
    </None>
    <None Include="assets\shaders\text\fragment.glsl">
      <Filter>Shader Files\text</Filter>
    </None>
    <None Include="assets\shaders\text\vertex.glsl">
      <Filter>Shader Files\text</Filter>
    </None>
    <None Include="assets\shaders\usprite\fragment.glsl">
      <Filter>Shader Files\usprite</Filter>
    </None>
    <None Include="assets\shaders\usprite\vertex.glsl">
      <Filter>Shader Files\usprite</Filter>
    </None>
    <None Include="assets\shaders\dsprite\vertex.glsl">
      <Filter>Shader Files\dsprite</Filter>
    </None>
    <None Include="assets\shaders\dsprite\fragment.glsl">
      <Filter>Shader Files\dsprite</Filter>
    </None>
    <None Include="lib-centurion\ui\ui.h">
      <Filter>Header Files\ui</Filter>
    </None>
  </ItemGroup>
  <ItemGroup>
    <Xml Include="assets\data\interface\editor\editorMenuBar.xml">
      <Filter>Resource Files</Filter>
    </Xml>
    <Xml Include="assets\data\interface\editor\editorWindows.xml">
      <Filter>Resource Files</Filter>
    </Xml>
  </ItemGroup>
</Project>