
Microsoft Visual Studio Solution File, Format Version 12.00
# Visual Studio 15
VisualStudioVersion = 15.0.28307.779
MinimumVisualStudioVersion = 10.0.40219.1
Project("{8BC9CEB8-8B4A-11D0-8D11-00A0C91BC942}") = "obj_parser-project", "obj_parser-project.vcxproj", "{00A35FCA-8185-488D-9762-7687281ED5C1}"
EndProject
Global
	GlobalSection(SolutionConfigurationPlatforms) = preSolution
		Debug|x64 = Debug|x64
		Debug|x86 = Debug|x86
		Release|x64 = Release|x64
		Release|x86 = Release|x86
	EndGlobalSection
	GlobalSection(ProjectConfigurationPlatforms) = postSolution
		{00A35FCA-8185-488D-9762-7687281ED5C1}.Debug|x64.ActiveCfg = Debug|x64
		{00A35FCA-8185-488D-9762-7687281ED5C1}.Debug|x64.Build.0 = Debug|x64
		{00A35FCA-8185-488D-9762-7687281ED5C1}.Debug|x86.ActiveCfg = Debug|Win32
		{00A35FCA-8185-488D-9762-7687281ED5C1}.Debug|x86.Build.0 = Debug|Win32
		{00A35FCA-8185-488D-9762-7687281ED5C1}.Release|x64.ActiveCfg = Release|x64
		{00A35FCA-8185-488D-9762-7687281ED5C1}.Release|x64.Build.0 = Release|x64
		{00A35FCA-8185-488D-9762-7687281ED5C1}.Release|x86.ActiveCfg = Release|Win32
		{00A35FCA-8185-488D-9762-7687281ED5C1}.Release|x86.Build.0 = Release|Win32
	EndGlobalSection
	GlobalSection(SolutionProperties) = preSolution
		HideSolutionNode = FALSE
	EndGlobalSection
	GlobalSection(ExtensibilityGlobals) = postSolution
		SolutionGuid = {A1DE536E-B7C9-4C35-A9CE-10F12DF6E753}
	EndGlobalSection
EndGlobal
